
Microsoft Visual Studio Solution File, Format Version 12.00
# Visual Studio Version 17
VisualStudioVersion = 17.10.35004.147
MinimumVisualStudioVersion = 10.0.40219.1
Project("{FAE04EC0-301F-11D3-BF4B-00C04F79EFBC}") = "SVHWebApp", "SVHWebApp.csproj", "{57C6A638-5068-4CD4-B00B-65F1E569EF7D}"
EndProject
Project("{FAE04EC0-301F-11D3-BF4B-00C04F79EFBC}") = "SVHDoc.Domain", "..\SVHDoc.Domain\SVHDoc.Domain.csproj", "{7FCB2E72-459D-4883-935D-CE599C77107C}"
EndProject
Global
	GlobalSection(SolutionConfigurationPlatforms) = preSolution
		Debug|Any CPU = Debug|Any CPU
		Release|Any CPU = Release|Any CPU
	EndGlobalSection
	GlobalSection(ProjectConfigurationPlatforms) = postSolution
		{57C6A638-5068-4CD4-B00B-65F1E569EF7D}.Debug|Any CPU.ActiveCfg = Debug|Any CPU
		{57C6A638-5068-4CD4-B00B-65F1E569EF7D}.Debug|Any CPU.Build.0 = Debug|Any CPU
		{57C6A638-5068-4CD4-B00B-65F1E569EF7D}.Release|Any CPU.ActiveCfg = Release|Any CPU
		{57C6A638-5068-4CD4-B00B-65F1E569EF7D}.Release|Any CPU.Build.0 = Release|Any CPU
		{7FCB2E72-459D-4883-935D-CE599C77107C}.Debug|Any CPU.ActiveCfg = Debug|Any CPU
		{7FCB2E72-459D-4883-935D-CE599C77107C}.Debug|Any CPU.Build.0 = Debug|Any CPU
		{7FCB2E72-459D-4883-935D-CE599C77107C}.Release|Any CPU.ActiveCfg = Release|Any CPU
		{7FCB2E72-459D-4883-935D-CE599C77107C}.Release|Any CPU.Build.0 = Release|Any CPU
	EndGlobalSection
	GlobalSection(SolutionProperties) = preSolution
		HideSolutionNode = FALSE
	EndGlobalSection
	GlobalSection(ExtensibilityGlobals) = postSolution
		SolutionGuid = {9D39A2D0-B346-4202-9A1C-00641BD2342F}
	EndGlobalSection
EndGlobal
